
Microsoft Visual Studio Solution File, Format Version 12.00
# Visual Studio Version 17
VisualStudioVersion = 17.8.34525.116
MinimumVisualStudioVersion = 10.0.40219.1
Project("{FAE04EC0-301F-11D3-BF4B-00C04F79EFBC}") = "Vezeeta", "Vezeeta\Vezeeta.csproj", "{3EEBE36C-51A7-4483-8310-304D8D797FB0}"
EndProject
Global
	GlobalSection(SolutionConfigurationPlatforms) = preSolution
		Debug|Any CPU = Debug|Any CPU
		Release|Any CPU = Release|Any CPU
	EndGlobalSection
	GlobalSection(ProjectConfigurationPlatforms) = postSolution
		{3EEBE36C-51A7-4483-8310-304D8D797FB0}.Debug|Any CPU.ActiveCfg = Debug|Any CPU
		{3EEBE36C-51A7-4483-8310-304D8D797FB0}.Debug|Any CPU.Build.0 = Debug|Any CPU
		{3EEBE36C-51A7-4483-8310-304D8D797FB0}.Release|Any CPU.ActiveCfg = Release|Any CPU
		{3EEBE36C-51A7-4483-8310-304D8D797FB0}.Release|Any CPU.Build.0 = Release|Any CPU
	EndGlobalSection
	GlobalSection(SolutionProperties) = preSolution
		HideSolutionNode = FALSE
	EndGlobalSection
	GlobalSection(ExtensibilityGlobals) = postSolution
		SolutionGuid = {9ABF560C-19AD-400F-80A4-FC257EB80DE3}
	EndGlobalSection
EndGlobal
